
Microsoft Visual Studio Solution File, Format Version 12.00
# Visual Studio Version 17
VisualStudioVersion = 17.3.32804.467
MinimumVisualStudioVersion = 10.0.40219.1
Project("{FAE04EC0-301F-11D3-BF4B-00C04F79EFBC}") = "V_20_anisBRO", "V_20_anisBRO\V_20_anisBRO.csproj", "{E953E37E-541B-4913-A55A-56CEDAD12181}"
EndProject
Project("{2150E333-8FDC-42A3-9474-1A3956D46DE8}") = "vedio30-40", "vedio30-40", "{D84609A6-9D86-48A3-B722-12FC0E8D1142}"
EndProject
Project("{FAE04EC0-301F-11D3-BF4B-00C04F79EFBC}") = "class(30-40)", "class(30-40)\class(30-40).csproj", "{8088DF33-E69C-4F19-BB7B-82CAF3B876B2}"
EndProject
Project("{2150E333-8FDC-42A3-9474-1A3956D46DE8}") = "Temp  convertor", "Temp  convertor", "{5BEE7390-31C3-4328-A956-9C787B7BFA2C}"
EndProject
Project("{FAE04EC0-301F-11D3-BF4B-00C04F79EFBC}") = "Temp_convertor", "project 1\Temp_convertor.csproj", "{0AD9329C-3EDA-4E5E-A109-B6D6ED99CF8F}"
EndProject
Project("{2150E333-8FDC-42A3-9474-1A3956D46DE8}") = "Calculator convertor", "Calculator convertor", "{FEA3F620-F89A-4EA6-BA13-EC146B4DCAD4}"
EndProject
Project("{FAE04EC0-301F-11D3-BF4B-00C04F79EFBC}") = "Calculator_convertor", "Calculator_convertor\Calculator_convertor.csproj", "{7E92AF2B-D70F-4C41-B10E-46B61DD58ED7}"
EndProject
Global
	GlobalSection(SolutionConfigurationPlatforms) = preSolution
		Debug|Any CPU = Debug|Any CPU
		Release|Any CPU = Release|Any CPU
	EndGlobalSection
	GlobalSection(ProjectConfigurationPlatforms) = postSolution
		{E953E37E-541B-4913-A55A-56CEDAD12181}.Debug|Any CPU.ActiveCfg = Debug|Any CPU
		{E953E37E-541B-4913-A55A-56CEDAD12181}.Debug|Any CPU.Build.0 = Debug|Any CPU
		{E953E37E-541B-4913-A55A-56CEDAD12181}.Release|Any CPU.ActiveCfg = Release|Any CPU
		{E953E37E-541B-4913-A55A-56CEDAD12181}.Release|Any CPU.Build.0 = Release|Any CPU
		{8088DF33-E69C-4F19-BB7B-82CAF3B876B2}.Debug|Any CPU.ActiveCfg = Debug|Any CPU
		{8088DF33-E69C-4F19-BB7B-82CAF3B876B2}.Debug|Any CPU.Build.0 = Debug|Any CPU
		{8088DF33-E69C-4F19-BB7B-82CAF3B876B2}.Release|Any CPU.ActiveCfg = Release|Any CPU
		{8088DF33-E69C-4F19-BB7B-82CAF3B876B2}.Release|Any CPU.Build.0 = Release|Any CPU
		{0AD9329C-3EDA-4E5E-A109-B6D6ED99CF8F}.Debug|Any CPU.ActiveCfg = Debug|Any CPU
		{0AD9329C-3EDA-4E5E-A109-B6D6ED99CF8F}.Debug|Any CPU.Build.0 = Debug|Any CPU
		{0AD9329C-3EDA-4E5E-A109-B6D6ED99CF8F}.Release|Any CPU.ActiveCfg = Release|Any CPU
		{0AD9329C-3EDA-4E5E-A109-B6D6ED99CF8F}.Release|Any CPU.Build.0 = Release|Any CPU
		{7E92AF2B-D70F-4C41-B10E-46B61DD58ED7}.Debug|Any CPU.ActiveCfg = Debug|Any CPU
		{7E92AF2B-D70F-4C41-B10E-46B61DD58ED7}.Debug|Any CPU.Build.0 = Debug|Any CPU
		{7E92AF2B-D70F-4C41-B10E-46B61DD58ED7}.Release|Any CPU.ActiveCfg = Release|Any CPU
		{7E92AF2B-D70F-4C41-B10E-46B61DD58ED7}.Release|Any CPU.Build.0 = Release|Any CPU
	EndGlobalSection
	GlobalSection(SolutionProperties) = preSolution
		HideSolutionNode = FALSE
	EndGlobalSection
	GlobalSection(NestedProjects) = preSolution
		{8088DF33-E69C-4F19-BB7B-82CAF3B876B2} = {D84609A6-9D86-48A3-B722-12FC0E8D1142}
		{0AD9329C-3EDA-4E5E-A109-B6D6ED99CF8F} = {5BEE7390-31C3-4328-A956-9C787B7BFA2C}
		{7E92AF2B-D70F-4C41-B10E-46B61DD58ED7} = {FEA3F620-F89A-4EA6-BA13-EC146B4DCAD4}
	EndGlobalSection
	GlobalSection(ExtensibilityGlobals) = postSolution
		SolutionGuid = {E9559401-642F-49E0-B591-2CD90B6B627A}
	EndGlobalSection
EndGlobal
